
Microsoft Visual Studio Solution File, Format Version 12.00
# Visual Studio 2013
VisualStudioVersion = 12.0.30501.0
MinimumVisualStudioVersion = 10.0.40219.1
Project("{FAE04EC0-301F-11D3-BF4B-00C04F79EFBC}") = "SimpleEventApp", "SimpleEventApp\SimpleEventApp\SimpleEventApp.csproj", "{82AE5919-78D5-43B4-9DA0-B97D299EA418}"
EndProject
Project("{FAE04EC0-301F-11D3-BF4B-00C04F79EFBC}") = "SimpleEventApp.iOS", "SimpleEventApp\SimpleEventApp.iOS\SimpleEventApp.iOS.csproj", "{881AA795-2195-4024-8A57-7E08558940FA}"
EndProject
Project("{FAE04EC0-301F-11D3-BF4B-00C04F79EFBC}") = "SimpleEventApp.Android", "SimpleEventApp\SimpleEventApp.Android\SimpleEventApp.Android.csproj", "{B9B252C0-1892-49E5-B4E4-DCD8ED5F2D2A}"
EndProject
Project("{FAE04EC0-301F-11D3-BF4B-00C04F79EFBC}") = "SimpleEventApp.WinPhone", "SimpleEventApp\SimpleEventApp.WinPhone\SimpleEventApp.WinPhone.csproj", "{71FAD46B-581C-4CF8-99CC-F35E96075CBC}"
EndProject
Project("{2150E333-8FDC-42A3-9474-1A3956D46DE8}") = ".nuget", ".nuget", "{3D3FAA89-CD5F-4973-923C-FBE9C266EE68}"
	ProjectSection(SolutionItems) = preProject
		.nuget\NuGet.Config = .nuget\NuGet.Config
		.nuget\NuGet.exe = .nuget\NuGet.exe
		.nuget\NuGet.targets = .nuget\NuGet.targets
	EndProjectSection
EndProject
Project("{F2A71F9B-5D33-465A-A702-920D77279786}") = "SimpleEventTypeLib", "SimpleEventTypeLib\SimpleEventTypeLib.fsproj", "{4E224F3E-B1F2-418C-9E13-2C360F331A46}"
EndProject
Project("{F2A71F9B-5D33-465A-A702-920D77279786}") = "SimpleEventTypeLocalLib", "SimpleEventTypeLocalLib\SimpleEventTypeLocalLib.fsproj", "{45F44B86-EBEC-4461-8BFF-6980EFA9B0D1}"
EndProject
Global
	GlobalSection(SolutionConfigurationPlatforms) = preSolution
		Ad-Hoc|Any CPU = Ad-Hoc|Any CPU
		Ad-Hoc|ARM = Ad-Hoc|ARM
		Ad-Hoc|iPhone = Ad-Hoc|iPhone
		Ad-Hoc|iPhoneSimulator = Ad-Hoc|iPhoneSimulator
		Ad-Hoc|Mixed Platforms = Ad-Hoc|Mixed Platforms
		Ad-Hoc|x86 = Ad-Hoc|x86
		AppStore|Any CPU = AppStore|Any CPU
		AppStore|ARM = AppStore|ARM
		AppStore|iPhone = AppStore|iPhone
		AppStore|iPhoneSimulator = AppStore|iPhoneSimulator
		AppStore|Mixed Platforms = AppStore|Mixed Platforms
		AppStore|x86 = AppStore|x86
		Debug|Any CPU = Debug|Any CPU
		Debug|ARM = Debug|ARM
		Debug|iPhone = Debug|iPhone
		Debug|iPhoneSimulator = Debug|iPhoneSimulator
		Debug|Mixed Platforms = Debug|Mixed Platforms
		Debug|x86 = Debug|x86
		Release|Any CPU = Release|Any CPU
		Release|ARM = Release|ARM
		Release|iPhone = Release|iPhone
		Release|iPhoneSimulator = Release|iPhoneSimulator
		Release|Mixed Platforms = Release|Mixed Platforms
		Release|x86 = Release|x86
	EndGlobalSection
	GlobalSection(ProjectConfigurationPlatforms) = postSolution
		{82AE5919-78D5-43B4-9DA0-B97D299EA418}.Ad-Hoc|Any CPU.ActiveCfg = Release|Any CPU
		{82AE5919-78D5-43B4-9DA0-B97D299EA418}.Ad-Hoc|Any CPU.Build.0 = Release|Any CPU
		{82AE5919-78D5-43B4-9DA0-B97D299EA418}.Ad-Hoc|ARM.ActiveCfg = Release|Any CPU
		{82AE5919-78D5-43B4-9DA0-B97D299EA418}.Ad-Hoc|iPhone.ActiveCfg = Release|Any CPU
		{82AE5919-78D5-43B4-9DA0-B97D299EA418}.Ad-Hoc|iPhoneSimulator.ActiveCfg = Release|Any CPU
		{82AE5919-78D5-43B4-9DA0-B97D299EA418}.Ad-Hoc|Mixed Platforms.ActiveCfg = Release|Any CPU
		{82AE5919-78D5-43B4-9DA0-B97D299EA418}.Ad-Hoc|Mixed Platforms.Build.0 = Release|Any CPU
		{82AE5919-78D5-43B4-9DA0-B97D299EA418}.Ad-Hoc|x86.ActiveCfg = Release|Any CPU
		{82AE5919-78D5-43B4-9DA0-B97D299EA418}.AppStore|Any CPU.ActiveCfg = Release|Any CPU
		{82AE5919-78D5-43B4-9DA0-B97D299EA418}.AppStore|Any CPU.Build.0 = Release|Any CPU
		{82AE5919-78D5-43B4-9DA0-B97D299EA418}.AppStore|ARM.ActiveCfg = Release|Any CPU
		{82AE5919-78D5-43B4-9DA0-B97D299EA418}.AppStore|iPhone.ActiveCfg = Release|Any CPU
		{82AE5919-78D5-43B4-9DA0-B97D299EA418}.AppStore|iPhoneSimulator.ActiveCfg = Release|Any CPU
		{82AE5919-78D5-43B4-9DA0-B97D299EA418}.AppStore|Mixed Platforms.ActiveCfg = Release|Any CPU
		{82AE5919-78D5-43B4-9DA0-B97D299EA418}.AppStore|Mixed Platforms.Build.0 = Release|Any CPU
		{82AE5919-78D5-43B4-9DA0-B97D299EA418}.AppStore|x86.ActiveCfg = Release|Any CPU
		{82AE5919-78D5-43B4-9DA0-B97D299EA418}.Debug|Any CPU.ActiveCfg = Debug|Any CPU
		{82AE5919-78D5-43B4-9DA0-B97D299EA418}.Debug|Any CPU.Build.0 = Debug|Any CPU
		{82AE5919-78D5-43B4-9DA0-B97D299EA418}.Debug|ARM.ActiveCfg = Debug|Any CPU
		{82AE5919-78D5-43B4-9DA0-B97D299EA418}.Debug|iPhone.ActiveCfg = Debug|Any CPU
		{82AE5919-78D5-43B4-9DA0-B97D299EA418}.Debug|iPhoneSimulator.ActiveCfg = Debug|Any CPU
		{82AE5919-78D5-43B4-9DA0-B97D299EA418}.Debug|Mixed Platforms.ActiveCfg = Debug|Any CPU
		{82AE5919-78D5-43B4-9DA0-B97D299EA418}.Debug|Mixed Platforms.Build.0 = Debug|Any CPU
		{82AE5919-78D5-43B4-9DA0-B97D299EA418}.Debug|x86.ActiveCfg = Debug|Any CPU
		{82AE5919-78D5-43B4-9DA0-B97D299EA418}.Release|Any CPU.ActiveCfg = Release|Any CPU
		{82AE5919-78D5-43B4-9DA0-B97D299EA418}.Release|Any CPU.Build.0 = Release|Any CPU
		{82AE5919-78D5-43B4-9DA0-B97D299EA418}.Release|ARM.ActiveCfg = Release|Any CPU
		{82AE5919-78D5-43B4-9DA0-B97D299EA418}.Release|iPhone.ActiveCfg = Release|Any CPU
		{82AE5919-78D5-43B4-9DA0-B97D299EA418}.Release|iPhoneSimulator.ActiveCfg = Release|Any CPU
		{82AE5919-78D5-43B4-9DA0-B97D299EA418}.Release|Mixed Platforms.ActiveCfg = Release|Any CPU
		{82AE5919-78D5-43B4-9DA0-B97D299EA418}.Release|Mixed Platforms.Build.0 = Release|Any CPU
		{82AE5919-78D5-43B4-9DA0-B97D299EA418}.Release|x86.ActiveCfg = Release|Any CPU
		{881AA795-2195-4024-8A57-7E08558940FA}.Ad-Hoc|Any CPU.ActiveCfg = Ad-Hoc|iPhone
		{881AA795-2195-4024-8A57-7E08558940FA}.Ad-Hoc|ARM.ActiveCfg = Ad-Hoc|iPhone
		{881AA795-2195-4024-8A57-7E08558940FA}.Ad-Hoc|iPhone.ActiveCfg = Ad-Hoc|iPhone
		{881AA795-2195-4024-8A57-7E08558940FA}.Ad-Hoc|iPhone.Build.0 = Ad-Hoc|iPhone
		{881AA795-2195-4024-8A57-7E08558940FA}.Ad-Hoc|iPhone.Deploy.0 = Ad-Hoc|iPhone
		{881AA795-2195-4024-8A57-7E08558940FA}.Ad-Hoc|iPhoneSimulator.ActiveCfg = Ad-Hoc|iPhoneSimulator
		{881AA795-2195-4024-8A57-7E08558940FA}.Ad-Hoc|iPhoneSimulator.Build.0 = Ad-Hoc|iPhoneSimulator
		{881AA795-2195-4024-8A57-7E08558940FA}.Ad-Hoc|iPhoneSimulator.Deploy.0 = Ad-Hoc|iPhoneSimulator
		{881AA795-2195-4024-8A57-7E08558940FA}.Ad-Hoc|Mixed Platforms.ActiveCfg = Ad-Hoc|iPhone
		{881AA795-2195-4024-8A57-7E08558940FA}.Ad-Hoc|Mixed Platforms.Build.0 = Ad-Hoc|iPhone
		{881AA795-2195-4024-8A57-7E08558940FA}.Ad-Hoc|Mixed Platforms.Deploy.0 = Ad-Hoc|iPhone
		{881AA795-2195-4024-8A57-7E08558940FA}.Ad-Hoc|x86.ActiveCfg = Ad-Hoc|iPhone
		{881AA795-2195-4024-8A57-7E08558940FA}.AppStore|Any CPU.ActiveCfg = AppStore|iPhone
		{881AA795-2195-4024-8A57-7E08558940FA}.AppStore|ARM.ActiveCfg = AppStore|iPhone
		{881AA795-2195-4024-8A57-7E08558940FA}.AppStore|iPhone.ActiveCfg = AppStore|iPhone
		{881AA795-2195-4024-8A57-7E08558940FA}.AppStore|iPhone.Build.0 = AppStore|iPhone
		{881AA795-2195-4024-8A57-7E08558940FA}.AppStore|iPhone.Deploy.0 = AppStore|iPhone
		{881AA795-2195-4024-8A57-7E08558940FA}.AppStore|iPhoneSimulator.ActiveCfg = AppStore|iPhoneSimulator
		{881AA795-2195-4024-8A57-7E08558940FA}.AppStore|iPhoneSimulator.Build.0 = AppStore|iPhoneSimulator
		{881AA795-2195-4024-8A57-7E08558940FA}.AppStore|iPhoneSimulator.Deploy.0 = AppStore|iPhoneSimulator
		{881AA795-2195-4024-8A57-7E08558940FA}.AppStore|Mixed Platforms.ActiveCfg = AppStore|iPhone
		{881AA795-2195-4024-8A57-7E08558940FA}.AppStore|Mixed Platforms.Build.0 = AppStore|iPhone
		{881AA795-2195-4024-8A57-7E08558940FA}.AppStore|Mixed Platforms.Deploy.0 = AppStore|iPhone
		{881AA795-2195-4024-8A57-7E08558940FA}.AppStore|x86.ActiveCfg = AppStore|iPhone
		{881AA795-2195-4024-8A57-7E08558940FA}.Debug|Any CPU.ActiveCfg = Debug|iPhone
		{881AA795-2195-4024-8A57-7E08558940FA}.Debug|ARM.ActiveCfg = Debug|iPhone
		{881AA795-2195-4024-8A57-7E08558940FA}.Debug|iPhone.ActiveCfg = Debug|iPhone
		{881AA795-2195-4024-8A57-7E08558940FA}.Debug|iPhone.Build.0 = Debug|iPhone
		{881AA795-2195-4024-8A57-7E08558940FA}.Debug|iPhone.Deploy.0 = Debug|iPhone
		{881AA795-2195-4024-8A57-7E08558940FA}.Debug|iPhoneSimulator.ActiveCfg = Debug|iPhoneSimulator
		{881AA795-2195-4024-8A57-7E08558940FA}.Debug|iPhoneSimulator.Build.0 = Debug|iPhoneSimulator
		{881AA795-2195-4024-8A57-7E08558940FA}.Debug|iPhoneSimulator.Deploy.0 = Debug|iPhoneSimulator
		{881AA795-2195-4024-8A57-7E08558940FA}.Debug|Mixed Platforms.ActiveCfg = Debug|iPhone
		{881AA795-2195-4024-8A57-7E08558940FA}.Debug|Mixed Platforms.Build.0 = Debug|iPhone
		{881AA795-2195-4024-8A57-7E08558940FA}.Debug|Mixed Platforms.Deploy.0 = Debug|iPhone
		{881AA795-2195-4024-8A57-7E08558940FA}.Debug|x86.ActiveCfg = Debug|iPhone
		{881AA795-2195-4024-8A57-7E08558940FA}.Release|Any CPU.ActiveCfg = Release|iPhone
		{881AA795-2195-4024-8A57-7E08558940FA}.Release|ARM.ActiveCfg = Release|iPhone
		{881AA795-2195-4024-8A57-7E08558940FA}.Release|iPhone.ActiveCfg = Release|iPhone
		{881AA795-2195-4024-8A57-7E08558940FA}.Release|iPhone.Build.0 = Release|iPhone
		{881AA795-2195-4024-8A57-7E08558940FA}.Release|iPhone.Deploy.0 = Release|iPhone
		{881AA795-2195-4024-8A57-7E08558940FA}.Release|iPhoneSimulator.ActiveCfg = Release|iPhoneSimulator
		{881AA795-2195-4024-8A57-7E08558940FA}.Release|iPhoneSimulator.Build.0 = Release|iPhoneSimulator
		{881AA795-2195-4024-8A57-7E08558940FA}.Release|iPhoneSimulator.Deploy.0 = Release|iPhoneSimulator
		{881AA795-2195-4024-8A57-7E08558940FA}.Release|Mixed Platforms.ActiveCfg = Release|iPhone
		{881AA795-2195-4024-8A57-7E08558940FA}.Release|Mixed Platforms.Build.0 = Release|iPhone
		{881AA795-2195-4024-8A57-7E08558940FA}.Release|Mixed Platforms.Deploy.0 = Release|iPhone
		{881AA795-2195-4024-8A57-7E08558940FA}.Release|x86.ActiveCfg = Release|iPhone
		{B9B252C0-1892-49E5-B4E4-DCD8ED5F2D2A}.Ad-Hoc|Any CPU.ActiveCfg = Release|Any CPU
		{B9B252C0-1892-49E5-B4E4-DCD8ED5F2D2A}.Ad-Hoc|Any CPU.Build.0 = Release|Any CPU
		{B9B252C0-1892-49E5-B4E4-DCD8ED5F2D2A}.Ad-Hoc|Any CPU.Deploy.0 = Release|Any CPU
		{B9B252C0-1892-49E5-B4E4-DCD8ED5F2D2A}.Ad-Hoc|ARM.ActiveCfg = Release|Any CPU
		{B9B252C0-1892-49E5-B4E4-DCD8ED5F2D2A}.Ad-Hoc|iPhone.ActiveCfg = Release|Any CPU
		{B9B252C0-1892-49E5-B4E4-DCD8ED5F2D2A}.Ad-Hoc|iPhoneSimulator.ActiveCfg = Release|Any CPU
		{B9B252C0-1892-49E5-B4E4-DCD8ED5F2D2A}.Ad-Hoc|Mixed Platforms.ActiveCfg = Release|Any CPU
		{B9B252C0-1892-49E5-B4E4-DCD8ED5F2D2A}.Ad-Hoc|Mixed Platforms.Build.0 = Release|Any CPU
		{B9B252C0-1892-49E5-B4E4-DCD8ED5F2D2A}.Ad-Hoc|Mixed Platforms.Deploy.0 = Release|Any CPU
		{B9B252C0-1892-49E5-B4E4-DCD8ED5F2D2A}.Ad-Hoc|x86.ActiveCfg = Release|Any CPU
		{B9B252C0-1892-49E5-B4E4-DCD8ED5F2D2A}.AppStore|Any CPU.ActiveCfg = Release|Any CPU
		{B9B252C0-1892-49E5-B4E4-DCD8ED5F2D2A}.AppStore|Any CPU.Build.0 = Release|Any CPU
		{B9B252C0-1892-49E5-B4E4-DCD8ED5F2D2A}.AppStore|Any CPU.Deploy.0 = Release|Any CPU
		{B9B252C0-1892-49E5-B4E4-DCD8ED5F2D2A}.AppStore|ARM.ActiveCfg = Release|Any CPU
		{B9B252C0-1892-49E5-B4E4-DCD8ED5F2D2A}.AppStore|iPhone.ActiveCfg = Release|Any CPU
		{B9B252C0-1892-49E5-B4E4-DCD8ED5F2D2A}.AppStore|iPhoneSimulator.ActiveCfg = Release|Any CPU
		{B9B252C0-1892-49E5-B4E4-DCD8ED5F2D2A}.AppStore|Mixed Platforms.ActiveCfg = Release|Any CPU
		{B9B252C0-1892-49E5-B4E4-DCD8ED5F2D2A}.AppStore|Mixed Platforms.Build.0 = Release|Any CPU
		{B9B252C0-1892-49E5-B4E4-DCD8ED5F2D2A}.AppStore|Mixed Platforms.Deploy.0 = Release|Any CPU
		{B9B252C0-1892-49E5-B4E4-DCD8ED5F2D2A}.AppStore|x86.ActiveCfg = Release|Any CPU
		{B9B252C0-1892-49E5-B4E4-DCD8ED5F2D2A}.Debug|Any CPU.ActiveCfg = Debug|Any CPU
		{B9B252C0-1892-49E5-B4E4-DCD8ED5F2D2A}.Debug|Any CPU.Build.0 = Debug|Any CPU
		{B9B252C0-1892-49E5-B4E4-DCD8ED5F2D2A}.Debug|Any CPU.Deploy.0 = Debug|Any CPU
		{B9B252C0-1892-49E5-B4E4-DCD8ED5F2D2A}.Debug|ARM.ActiveCfg = Debug|Any CPU
		{B9B252C0-1892-49E5-B4E4-DCD8ED5F2D2A}.Debug|iPhone.ActiveCfg = Debug|Any CPU
		{B9B252C0-1892-49E5-B4E4-DCD8ED5F2D2A}.Debug|iPhoneSimulator.ActiveCfg = Debug|Any CPU
		{B9B252C0-1892-49E5-B4E4-DCD8ED5F2D2A}.Debug|Mixed Platforms.ActiveCfg = Debug|Any CPU
		{B9B252C0-1892-49E5-B4E4-DCD8ED5F2D2A}.Debug|Mixed Platforms.Build.0 = Debug|Any CPU
		{B9B252C0-1892-49E5-B4E4-DCD8ED5F2D2A}.Debug|Mixed Platforms.Deploy.0 = Debug|Any CPU
		{B9B252C0-1892-49E5-B4E4-DCD8ED5F2D2A}.Debug|x86.ActiveCfg = Debug|Any CPU
		{B9B252C0-1892-49E5-B4E4-DCD8ED5F2D2A}.Release|Any CPU.ActiveCfg = Release|Any CPU
		{B9B252C0-1892-49E5-B4E4-DCD8ED5F2D2A}.Release|Any CPU.Build.0 = Release|Any CPU
		{B9B252C0-1892-49E5-B4E4-DCD8ED5F2D2A}.Release|Any CPU.Deploy.0 = Release|Any CPU
		{B9B252C0-1892-49E5-B4E4-DCD8ED5F2D2A}.Release|ARM.ActiveCfg = Release|Any CPU
		{B9B252C0-1892-49E5-B4E4-DCD8ED5F2D2A}.Release|iPhone.ActiveCfg = Release|Any CPU
		{B9B252C0-1892-49E5-B4E4-DCD8ED5F2D2A}.Release|iPhoneSimulator.ActiveCfg = Release|Any CPU
		{B9B252C0-1892-49E5-B4E4-DCD8ED5F2D2A}.Release|Mixed Platforms.ActiveCfg = Release|Any CPU
		{B9B252C0-1892-49E5-B4E4-DCD8ED5F2D2A}.Release|Mixed Platforms.Build.0 = Release|Any CPU
		{B9B252C0-1892-49E5-B4E4-DCD8ED5F2D2A}.Release|Mixed Platforms.Deploy.0 = Release|Any CPU
		{B9B252C0-1892-49E5-B4E4-DCD8ED5F2D2A}.Release|x86.ActiveCfg = Release|Any CPU
		{71FAD46B-581C-4CF8-99CC-F35E96075CBC}.Ad-Hoc|Any CPU.ActiveCfg = Release|Any CPU
		{71FAD46B-581C-4CF8-99CC-F35E96075CBC}.Ad-Hoc|Any CPU.Build.0 = Release|Any CPU
		{71FAD46B-581C-4CF8-99CC-F35E96075CBC}.Ad-Hoc|Any CPU.Deploy.0 = Release|Any CPU
		{71FAD46B-581C-4CF8-99CC-F35E96075CBC}.Ad-Hoc|ARM.ActiveCfg = Release|ARM
		{71FAD46B-581C-4CF8-99CC-F35E96075CBC}.Ad-Hoc|ARM.Build.0 = Release|ARM
		{71FAD46B-581C-4CF8-99CC-F35E96075CBC}.Ad-Hoc|ARM.Deploy.0 = Release|ARM
		{71FAD46B-581C-4CF8-99CC-F35E96075CBC}.Ad-Hoc|iPhone.ActiveCfg = Release|Any CPU
		{71FAD46B-581C-4CF8-99CC-F35E96075CBC}.Ad-Hoc|iPhoneSimulator.ActiveCfg = Release|Any CPU
		{71FAD46B-581C-4CF8-99CC-F35E96075CBC}.Ad-Hoc|Mixed Platforms.ActiveCfg = Release|x86
		{71FAD46B-581C-4CF8-99CC-F35E96075CBC}.Ad-Hoc|Mixed Platforms.Build.0 = Release|x86
		{71FAD46B-581C-4CF8-99CC-F35E96075CBC}.Ad-Hoc|Mixed Platforms.Deploy.0 = Release|x86
		{71FAD46B-581C-4CF8-99CC-F35E96075CBC}.Ad-Hoc|x86.ActiveCfg = Release|x86
		{71FAD46B-581C-4CF8-99CC-F35E96075CBC}.Ad-Hoc|x86.Build.0 = Release|x86
		{71FAD46B-581C-4CF8-99CC-F35E96075CBC}.Ad-Hoc|x86.Deploy.0 = Release|x86
		{71FAD46B-581C-4CF8-99CC-F35E96075CBC}.AppStore|Any CPU.ActiveCfg = Release|Any CPU
		{71FAD46B-581C-4CF8-99CC-F35E96075CBC}.AppStore|Any CPU.Build.0 = Release|Any CPU
		{71FAD46B-581C-4CF8-99CC-F35E96075CBC}.AppStore|Any CPU.Deploy.0 = Release|Any CPU
		{71FAD46B-581C-4CF8-99CC-F35E96075CBC}.AppStore|ARM.ActiveCfg = Release|ARM
		{71FAD46B-581C-4CF8-99CC-F35E96075CBC}.AppStore|ARM.Build.0 = Release|ARM
		{71FAD46B-581C-4CF8-99CC-F35E96075CBC}.AppStore|ARM.Deploy.0 = Release|ARM
		{71FAD46B-581C-4CF8-99CC-F35E96075CBC}.AppStore|iPhone.ActiveCfg = Release|Any CPU
		{71FAD46B-581C-4CF8-99CC-F35E96075CBC}.AppStore|iPhoneSimulator.ActiveCfg = Release|Any CPU
		{71FAD46B-581C-4CF8-99CC-F35E96075CBC}.AppStore|Mixed Platforms.ActiveCfg = Release|x86
		{71FAD46B-581C-4CF8-99CC-F35E96075CBC}.AppStore|Mixed Platforms.Build.0 = Release|x86
		{71FAD46B-581C-4CF8-99CC-F35E96075CBC}.AppStore|Mixed Platforms.Deploy.0 = Release|x86
		{71FAD46B-581C-4CF8-99CC-F35E96075CBC}.AppStore|x86.ActiveCfg = Release|x86
		{71FAD46B-581C-4CF8-99CC-F35E96075CBC}.AppStore|x86.Build.0 = Release|x86
		{71FAD46B-581C-4CF8-99CC-F35E96075CBC}.AppStore|x86.Deploy.0 = Release|x86
		{71FAD46B-581C-4CF8-99CC-F35E96075CBC}.Debug|Any CPU.ActiveCfg = Debug|Any CPU
		{71FAD46B-581C-4CF8-99CC-F35E96075CBC}.Debug|Any CPU.Build.0 = Debug|Any CPU
		{71FAD46B-581C-4CF8-99CC-F35E96075CBC}.Debug|Any CPU.Deploy.0 = Debug|Any CPU
		{71FAD46B-581C-4CF8-99CC-F35E96075CBC}.Debug|ARM.ActiveCfg = Debug|ARM
		{71FAD46B-581C-4CF8-99CC-F35E96075CBC}.Debug|ARM.Build.0 = Debug|ARM
		{71FAD46B-581C-4CF8-99CC-F35E96075CBC}.Debug|ARM.Deploy.0 = Debug|ARM
		{71FAD46B-581C-4CF8-99CC-F35E96075CBC}.Debug|iPhone.ActiveCfg = Debug|Any CPU
		{71FAD46B-581C-4CF8-99CC-F35E96075CBC}.Debug|iPhoneSimulator.ActiveCfg = Debug|Any CPU
		{71FAD46B-581C-4CF8-99CC-F35E96075CBC}.Debug|Mixed Platforms.ActiveCfg = Debug|x86
		{71FAD46B-581C-4CF8-99CC-F35E96075CBC}.Debug|Mixed Platforms.Build.0 = Debug|x86
		{71FAD46B-581C-4CF8-99CC-F35E96075CBC}.Debug|Mixed Platforms.Deploy.0 = Debug|x86
		{71FAD46B-581C-4CF8-99CC-F35E96075CBC}.Debug|x86.ActiveCfg = Debug|x86
		{71FAD46B-581C-4CF8-99CC-F35E96075CBC}.Debug|x86.Build.0 = Debug|x86
		{71FAD46B-581C-4CF8-99CC-F35E96075CBC}.Debug|x86.Deploy.0 = Debug|x86
		{71FAD46B-581C-4CF8-99CC-F35E96075CBC}.Release|Any CPU.ActiveCfg = Release|Any CPU
		{71FAD46B-581C-4CF8-99CC-F35E96075CBC}.Release|Any CPU.Build.0 = Release|Any CPU
		{71FAD46B-581C-4CF8-99CC-F35E96075CBC}.Release|Any CPU.Deploy.0 = Release|Any CPU
		{71FAD46B-581C-4CF8-99CC-F35E96075CBC}.Release|ARM.ActiveCfg = Release|ARM
		{71FAD46B-581C-4CF8-99CC-F35E96075CBC}.Release|ARM.Build.0 = Release|ARM
		{71FAD46B-581C-4CF8-99CC-F35E96075CBC}.Release|ARM.Deploy.0 = Release|ARM
		{71FAD46B-581C-4CF8-99CC-F35E96075CBC}.Release|iPhone.ActiveCfg = Release|Any CPU
		{71FAD46B-581C-4CF8-99CC-F35E96075CBC}.Release|iPhoneSimulator.ActiveCfg = Release|Any CPU
		{71FAD46B-581C-4CF8-99CC-F35E96075CBC}.Release|Mixed Platforms.ActiveCfg = Release|x86
		{71FAD46B-581C-4CF8-99CC-F35E96075CBC}.Release|Mixed Platforms.Build.0 = Release|x86
		{71FAD46B-581C-4CF8-99CC-F35E96075CBC}.Release|Mixed Platforms.Deploy.0 = Release|x86
		{71FAD46B-581C-4CF8-99CC-F35E96075CBC}.Release|x86.ActiveCfg = Release|x86
		{71FAD46B-581C-4CF8-99CC-F35E96075CBC}.Release|x86.Build.0 = Release|x86
		{71FAD46B-581C-4CF8-99CC-F35E96075CBC}.Release|x86.Deploy.0 = Release|x86
		{4E224F3E-B1F2-418C-9E13-2C360F331A46}.Ad-Hoc|Any CPU.ActiveCfg = Release|Any CPU
		{4E224F3E-B1F2-418C-9E13-2C360F331A46}.Ad-Hoc|Any CPU.Build.0 = Release|Any CPU
		{4E224F3E-B1F2-418C-9E13-2C360F331A46}.Ad-Hoc|ARM.ActiveCfg = Release|Any CPU
		{4E224F3E-B1F2-418C-9E13-2C360F331A46}.Ad-Hoc|iPhone.ActiveCfg = Release|Any CPU
		{4E224F3E-B1F2-418C-9E13-2C360F331A46}.Ad-Hoc|iPhoneSimulator.ActiveCfg = Release|Any CPU
		{4E224F3E-B1F2-418C-9E13-2C360F331A46}.Ad-Hoc|Mixed Platforms.ActiveCfg = Release|Any CPU
		{4E224F3E-B1F2-418C-9E13-2C360F331A46}.Ad-Hoc|Mixed Platforms.Build.0 = Release|Any CPU
		{4E224F3E-B1F2-418C-9E13-2C360F331A46}.Ad-Hoc|x86.ActiveCfg = Release|Any CPU
		{4E224F3E-B1F2-418C-9E13-2C360F331A46}.AppStore|Any CPU.ActiveCfg = Release|Any CPU
		{4E224F3E-B1F2-418C-9E13-2C360F331A46}.AppStore|Any CPU.Build.0 = Release|Any CPU
		{4E224F3E-B1F2-418C-9E13-2C360F331A46}.AppStore|ARM.ActiveCfg = Release|Any CPU
		{4E224F3E-B1F2-418C-9E13-2C360F331A46}.AppStore|iPhone.ActiveCfg = Release|Any CPU
		{4E224F3E-B1F2-418C-9E13-2C360F331A46}.AppStore|iPhoneSimulator.ActiveCfg = Release|Any CPU
		{4E224F3E-B1F2-418C-9E13-2C360F331A46}.AppStore|Mixed Platforms.ActiveCfg = Release|Any CPU
		{4E224F3E-B1F2-418C-9E13-2C360F331A46}.AppStore|Mixed Platforms.Build.0 = Release|Any CPU
		{4E224F3E-B1F2-418C-9E13-2C360F331A46}.AppStore|x86.ActiveCfg = Release|Any CPU
		{4E224F3E-B1F2-418C-9E13-2C360F331A46}.Debug|Any CPU.ActiveCfg = Debug|Any CPU
		{4E224F3E-B1F2-418C-9E13-2C360F331A46}.Debug|Any CPU.Build.0 = Debug|Any CPU
		{4E224F3E-B1F2-418C-9E13-2C360F331A46}.Debug|ARM.ActiveCfg = Debug|Any CPU
		{4E224F3E-B1F2-418C-9E13-2C360F331A46}.Debug|iPhone.ActiveCfg = Debug|Any CPU
		{4E224F3E-B1F2-418C-9E13-2C360F331A46}.Debug|iPhoneSimulator.ActiveCfg = Debug|Any CPU
		{4E224F3E-B1F2-418C-9E13-2C360F331A46}.Debug|Mixed Platforms.ActiveCfg = Debug|Any CPU
		{4E224F3E-B1F2-418C-9E13-2C360F331A46}.Debug|Mixed Platforms.Build.0 = Debug|Any CPU
		{4E224F3E-B1F2-418C-9E13-2C360F331A46}.Debug|x86.ActiveCfg = Debug|Any CPU
		{4E224F3E-B1F2-418C-9E13-2C360F331A46}.Release|Any CPU.ActiveCfg = Release|Any CPU
		{4E224F3E-B1F2-418C-9E13-2C360F331A46}.Release|Any CPU.Build.0 = Release|Any CPU
		{4E224F3E-B1F2-418C-9E13-2C360F331A46}.Release|ARM.ActiveCfg = Release|Any CPU
		{4E224F3E-B1F2-418C-9E13-2C360F331A46}.Release|iPhone.ActiveCfg = Release|Any CPU
		{4E224F3E-B1F2-418C-9E13-2C360F331A46}.Release|iPhoneSimulator.ActiveCfg = Release|Any CPU
		{4E224F3E-B1F2-418C-9E13-2C360F331A46}.Release|Mixed Platforms.ActiveCfg = Release|Any CPU
		{4E224F3E-B1F2-418C-9E13-2C360F331A46}.Release|Mixed Platforms.Build.0 = Release|Any CPU
		{4E224F3E-B1F2-418C-9E13-2C360F331A46}.Release|x86.ActiveCfg = Release|Any CPU
		{45F44B86-EBEC-4461-8BFF-6980EFA9B0D1}.Ad-Hoc|Any CPU.ActiveCfg = Release|Any CPU
		{45F44B86-EBEC-4461-8BFF-6980EFA9B0D1}.Ad-Hoc|Any CPU.Build.0 = Release|Any CPU
		{45F44B86-EBEC-4461-8BFF-6980EFA9B0D1}.Ad-Hoc|ARM.ActiveCfg = Release|Any CPU
		{45F44B86-EBEC-4461-8BFF-6980EFA9B0D1}.Ad-Hoc|iPhone.ActiveCfg = Release|Any CPU
		{45F44B86-EBEC-4461-8BFF-6980EFA9B0D1}.Ad-Hoc|iPhoneSimulator.ActiveCfg = Release|Any CPU
		{45F44B86-EBEC-4461-8BFF-6980EFA9B0D1}.Ad-Hoc|Mixed Platforms.ActiveCfg = Release|Any CPU
		{45F44B86-EBEC-4461-8BFF-6980EFA9B0D1}.Ad-Hoc|Mixed Platforms.Build.0 = Release|Any CPU
		{45F44B86-EBEC-4461-8BFF-6980EFA9B0D1}.Ad-Hoc|x86.ActiveCfg = Release|Any CPU
		{45F44B86-EBEC-4461-8BFF-6980EFA9B0D1}.AppStore|Any CPU.ActiveCfg = Release|Any CPU
		{45F44B86-EBEC-4461-8BFF-6980EFA9B0D1}.AppStore|Any CPU.Build.0 = Release|Any CPU
		{45F44B86-EBEC-4461-8BFF-6980EFA9B0D1}.AppStore|ARM.ActiveCfg = Release|Any CPU
		{45F44B86-EBEC-4461-8BFF-6980EFA9B0D1}.AppStore|iPhone.ActiveCfg = Release|Any CPU
		{45F44B86-EBEC-4461-8BFF-6980EFA9B0D1}.AppStore|iPhoneSimulator.ActiveCfg = Release|Any CPU
		{45F44B86-EBEC-4461-8BFF-6980EFA9B0D1}.AppStore|Mixed Platforms.ActiveCfg = Release|Any CPU
		{45F44B86-EBEC-4461-8BFF-6980EFA9B0D1}.AppStore|Mixed Platforms.Build.0 = Release|Any CPU
		{45F44B86-EBEC-4461-8BFF-6980EFA9B0D1}.AppStore|x86.ActiveCfg = Release|Any CPU
		{45F44B86-EBEC-4461-8BFF-6980EFA9B0D1}.Debug|Any CPU.ActiveCfg = Debug|Any CPU
		{45F44B86-EBEC-4461-8BFF-6980EFA9B0D1}.Debug|Any CPU.Build.0 = Debug|Any CPU
		{45F44B86-EBEC-4461-8BFF-6980EFA9B0D1}.Debug|ARM.ActiveCfg = Debug|Any CPU
		{45F44B86-EBEC-4461-8BFF-6980EFA9B0D1}.Debug|iPhone.ActiveCfg = Debug|Any CPU
		{45F44B86-EBEC-4461-8BFF-6980EFA9B0D1}.Debug|iPhoneSimulator.ActiveCfg = Debug|Any CPU
		{45F44B86-EBEC-4461-8BFF-6980EFA9B0D1}.Debug|Mixed Platforms.ActiveCfg = Debug|Any CPU
		{45F44B86-EBEC-4461-8BFF-6980EFA9B0D1}.Debug|Mixed Platforms.Build.0 = Debug|Any CPU
		{45F44B86-EBEC-4461-8BFF-6980EFA9B0D1}.Debug|x86.ActiveCfg = Debug|Any CPU
		{45F44B86-EBEC-4461-8BFF-6980EFA9B0D1}.Release|Any CPU.ActiveCfg = Release|Any CPU
		{45F44B86-EBEC-4461-8BFF-6980EFA9B0D1}.Release|Any CPU.Build.0 = Release|Any CPU
		{45F44B86-EBEC-4461-8BFF-6980EFA9B0D1}.Release|ARM.ActiveCfg = Release|Any CPU
		{45F44B86-EBEC-4461-8BFF-6980EFA9B0D1}.Release|iPhone.ActiveCfg = Release|Any CPU
		{45F44B86-EBEC-4461-8BFF-6980EFA9B0D1}.Release|iPhoneSimulator.ActiveCfg = Release|Any CPU
		{45F44B86-EBEC-4461-8BFF-6980EFA9B0D1}.Release|Mixed Platforms.ActiveCfg = Release|Any CPU
		{45F44B86-EBEC-4461-8BFF-6980EFA9B0D1}.Release|Mixed Platforms.Build.0 = Release|Any CPU
		{45F44B86-EBEC-4461-8BFF-6980EFA9B0D1}.Release|x86.ActiveCfg = Release|Any CPU
	EndGlobalSection
	GlobalSection(SolutionProperties) = preSolution
		HideSolutionNode = FALSE
	EndGlobalSection
EndGlobal
